PODS:
  - Then (2.7.0)
  - VelocityRaptorCore (1.0.0):
    - Then (~> 2.7.0)

DEPENDENCIES:
  - VelocityRaptorCore (from `../`)

SPEC REPOS:
  trunk:
    - Then

EXTERNAL SOURCES:
  VelocityRaptorCore:
    :path: "../"

SPEC CHECKSUMS:
  Then: acfe0be7e98221c6204e12f8161459606d5d822d
  VelocityRaptorCore: 1a0c5cfef93a0c19d73a908c246620e3e3621faa

PODFILE CHECKSUM: a4a537b91f5c54900a370fd7998d8bdd042e0684

COCOAPODS: 1.9.3
